{
  "name": "canvas-mp4",
  "version": "1.0.0",
  "lockfileVersion": 1,
  "requires": true,
  "dependencies": {
    "canvid": {
      "version": "1.6.0",
      "resolved": "http://registry.npm.taobao.org/canvid/download/canvid-1.6.0.tgz",
      "integrity": "sha1-SS4slTWujwlljyUTfHO4syUKM8c="
    }
  }
}
